
Microsoft Visual Studio Solution File, Format Version 12.00
# Visual Studio 15
VisualStudioVersion = 15.0.28307.1321
MinimumVisualStudioVersion = 10.0.40219.1
Project("{8BC9CEB8-8B4A-11D0-8D11-00A0C91BC942}") = "anConcurrent_tp1", "anConcurrent_tp1\anConcurrent_tp1.vcxproj", "{9232FFFF-718D-434A-BCD7-287C0BE9C414}"
EndProject
Global
	GlobalSection(SolutionConfigurationPlatforms) = preSolution
		Debug|x64 = Debug|x64
		Debug|x86 = Debug|x86
		Release|x64 = Release|x64
		Release|x86 = Release|x86
	EndGlobalSection
	GlobalSection(ProjectConfigurationPlatforms) = postSolution
		{9232FFFF-718D-434A-BCD7-287C0BE9C414}.Debug|x64.ActiveCfg = Debug|x64
		{9232FFFF-718D-434A-BCD7-287C0BE9C414}.Debug|x64.Build.0 = Debug|x64
		{9232FFFF-718D-434A-BCD7-287C0BE9C414}.Debug|x86.ActiveCfg = Debug|Win32
		{9232FFFF-718D-434A-BCD7-287C0BE9C414}.Debug|x86.Build.0 = Debug|Win32
		{9232FFFF-718D-434A-BCD7-287C0BE9C414}.Release|x64.ActiveCfg = Release|x64
		{9232FFFF-718D-434A-BCD7-287C0BE9C414}.Release|x64.Build.0 = Release|x64
		{9232FFFF-718D-434A-BCD7-287C0BE9C414}.Release|x86.ActiveCfg = Release|Win32
		{9232FFFF-718D-434A-BCD7-287C0BE9C414}.Release|x86.Build.0 = Release|Win32
	EndGlobalSection
	GlobalSection(SolutionProperties) = preSolution
		HideSolutionNode = FALSE
	EndGlobalSection
	GlobalSection(ExtensibilityGlobals) = postSolution
		SolutionGuid = {28921A00-96FE-411E-A854-095DC6A26E98}
	EndGlobalSection
EndGlobal
